
Microsoft Visual Studio Solution File, Format Version 12.00
# Blend for Visual Studio Version 16
VisualStudioVersion = 16.0.31424.327
MinimumVisualStudioVersion = 10.0.40219.1
Project("{FAE04EC0-301F-11D3-BF4B-00C04F79EFBC}") = "SignUpWithHandy", "SignUpWithHandy.csproj", "{9B40C49D-B7D7-4B1D-AA28-075148FE29AA}"
EndProject
Global
	GlobalSection(SolutionConfigurationPlatforms) = preSolution
		Debug|Any CPU = Debug|Any CPU
		Release|Any CPU = Release|Any CPU
	EndGlobalSection
	GlobalSection(ProjectConfigurationPlatforms) = postSolution
		{9B40C49D-B7D7-4B1D-AA28-075148FE29AA}.Debug|Any CPU.ActiveCfg = Debug|Any CPU
		{9B40C49D-B7D7-4B1D-AA28-075148FE29AA}.Debug|Any CPU.Build.0 = Debug|Any CPU
		{9B40C49D-B7D7-4B1D-AA28-075148FE29AA}.Release|Any CPU.ActiveCfg = Release|Any CPU
		{9B40C49D-B7D7-4B1D-AA28-075148FE29AA}.Release|Any CPU.Build.0 = Release|Any CPU
	EndGlobalSection
	GlobalSection(SolutionProperties) = preSolution
		HideSolutionNode = FALSE
	EndGlobalSection
	GlobalSection(ExtensibilityGlobals) = postSolution
		SolutionGuid = {945B99D9-166B-4868-A067-118AD56C6DE6}
	EndGlobalSection
EndGlobal
